// !$*UTF8*$!
{
	archiveVersion = 1;
	classes = {
	};
	objectVersion = 46;
	objects = {

/* Begin PBXBuildFile section */
		506EE93A1731FC85000AA25B /* main.cpp in Sources */ = {isa = PBXBuildFile; fileRef = 506EE9391731FC85000AA25B /* main.cpp */; };
		506EE93C1731FC85000AA25B /* After.1 in CopyFiles */ = {isa = PBXBuildFile; fileRef = 506EE93B1731FC85000AA25B /* After.1 */; };
/* End PBXBuildFile section */

/* Begin PBXContainerItemProxy section */
		50B5D6A31731F4C10046E837 /* PBXContainerItemProxy */ = {
			isa = PBXContainerItemProxy;
			containerPortal = 50B5D69F1731F4C00046E837 /* After.xcodeproj */;
			proxyType = 2;
			remoteGlobalIDString = 50B5D6981731F4C00046E837;
			remoteInfo = After;
		};
/* End PBXContainerItemProxy section */

/* Begin PBXCopyFilesBuildPhase section */
		506EE9341731FC85000AA25B /* CopyFiles */ = {
			isa = PBXCopyFilesBuildPhase;
			buildActionMask = 2147483647;
			dstPath = /usr/share/man/man1/;
			dstSubfolderSpec = 0;
			files = (
				506EE93C1731FC85000AA25B /* After.1 in CopyFiles */,
			);
			runOnlyForDeploymentPostprocessing = 1;
		};
/* End PBXCopyFilesBuildPhase section */

/* Begin PBXFileReference section */
		506EE9361731FC85000AA25B /* After */ = {isa = PBXFileReference; explicitFileType = "compiled.mach-o.executable"; includeInIndex = 0; path = After; sourceTree = BUILT_PRODUCTS_DIR; };
		506EE9391731FC85000AA25B /* main.cpp */ = {isa = PBXFileReference; lastKnownFileType = sourcecode.cpp.cpp; path = main.cpp; sourceTree = "<group>"; };
		506EE93B1731FC85000AA25B /* After.1 */ = {isa = PBXFileReference; lastKnownFileType = text.man; path = After.1; sourceTree = "<group>"; };
		50B5D69F1731F4C00046E837 /* After.xcodeproj */ = {isa = PBXFileReference; lastKnownFileType = "wrapper.pb-project"; name = After.xcodeproj; path = ../../Documents/After/After.xcodeproj; sourceTree = "<group>"; };
/* End PBXFileReference section */

/* Begin PBXFrameworksBuildPhase section */
		506EE9331731FC85000AA25B /* Frameworks */ = {
			isa = PBXFrameworksBuildPhase;
			buildActionMask = 2147483647;
			files = (
			);
			runOnlyForDeploymentPostprocessing = 0;
		};
/* End PBXFrameworksBuildPhase section */

/* Begin PBXGroup section */
		506EE9381731FC85000AA25B /* After */ = {
			isa = PBXGroup;
			children = (
				506EE9391731FC85000AA25B /* main.cpp */,
				506EE93B1731FC85000AA25B /* After.1 */,
			);
			path = After;
			sourceTree = "<group>";
		};
		50B5D6A01731F4C00046E837 /* Products */ = {
			isa = PBXGroup;
			children = (
				50B5D6A41731F4C10046E837 /* libAfter.dylib */,
			);
			name = Products;
			sourceTree = "<group>";
		};
		50FEA7E61714F5B40006D71C = {
			isa = PBXGroup;
			children = (
				50B5D69F1731F4C00046E837 /* After.xcodeproj */,
				506EE9381731FC85000AA25B /* After */,
				50FEA7F21714F5B80006D71C /* Products */,
			);
			sourceTree = "<group>";
		};
		50FEA7F21714F5B80006D71C /* Products */ = {
			isa = PBXGroup;
			children = (
				506EE9361731FC85000AA25B /* After */,
			);
			name = Products;
			sourceTree = "<group>";
		};
/* End PBXGroup section */

/* Begin PBXNativeTarget section */
		506EE9351731FC85000AA25B /* After */ = {
			isa = PBXNativeTarget;
			buildConfigurationList = 506EE93D1731FC85000AA25B /* Build configuration list for PBXNativeTarget "After" */;
			buildPhases = (
				506EE9321731FC85000AA25B /* Sources */,
				506EE9331731FC85000AA25B /* Frameworks */,
				506EE9341731FC85000AA25B /* CopyFiles */,
			);
			buildRules = (
			);
			dependencies = (
			);
			name = After;
			productName = After;
			productReference = 506EE9361731FC85000AA25B /* After */;
			productType = "com.apple.product-type.tool";
		};
/* End PBXNativeTarget section */

/* Begin PBXProject section */
		50FEA7E81714F5B50006D71C /* Project object */ = {
			isa = PBXProject;
			attributes = {
				LastUpgradeCheck = 0430;
				ORGANIZATIONNAME = "Suny New Paltz";
			};
			buildConfigurationList = 50FEA7EB1714F5B50006D71C /* Build configuration list for PBXProject "After" */;
			compatibilityVersion = "Xcode 3.2";
			developmentRegion = English;
			hasScannedForEncodings = 0;
			knownRegions = (
				en,
			);
			mainGroup = 50FEA7E61714F5B40006D71C;
			productRefGroup = 50FEA7F21714F5B80006D71C /* Products */;
			projectDirPath = "";
			projectReferences = (
				{
					ProductGroup = 50B5D6A01731F4C00046E837 /* Products */;
					ProjectRef = 50B5D69F1731F4C00046E837 /* After.xcodeproj */;
				},
			);
			projectRoot = "";
			targets = (
				506EE9351731FC85000AA25B /* After */,
			);
		};
/* End PBXProject section */

/* Begin PBXReferenceProxy section */
		50B5D6A41731F4C10046E837 /* libAfter.dylib */ = {
			isa = PBXReferenceProxy;
			fileType = "compiled.mach-o.dylib";
			path = libAfter.dylib;
			remoteRef = 50B5D6A31731F4C10046E837 /* PBXContainerItemProxy */;
			sourceTree = BUILT_PRODUCTS_DIR;
		};
/* End PBXReferenceProxy section */

/* Begin PBXSourcesBuildPhase section */
		506EE9321731FC85000AA25B /* Sources */ = {
			isa = PBXSourcesBuildPhase;
			buildActionMask = 2147483647;
			files = (
				506EE93A1731FC85000AA25B /* main.cpp in Sources */,
			);
			runOnlyForDeploymentPostprocessing = 0;
		};
/* End PBXSourcesBuildPhase section */

/* Begin XCBuildConfiguration section */
		506EE93E1731FC85000AA25B /* Debug */ = {
			isa = XCBuildConfiguration;
			buildSettings = {
				PRODUCT_NAME = "$(TARGET_NAME)";
			};
			name = Debug;
		};
		506EE93F1731FC85000AA25B /* Release */ = {
			isa = XCBuildConfiguration;
			buildSettings = {
				PRODUCT_NAME = "$(TARGET_NAME)";
			};
			name = Release;
		};
		50FEA7F91714F5B80006D71C /* Debug */ = {
			isa = XCBuildConfiguration;
			buildSettings = {
				ALWAYS_SEARCH_USER_PATHS = NO;
				ARCHS = "$(ARCHS_STANDARD_64_BIT)";
				CLANG_ENABLE_OBJC_ARC = YES;
				COPY_PHASE_STRIP = NO;
				GCC_C_LANGUAGE_STANDARD = gnu99;
				GCC_DYNAMIC_NO_PIC = NO;
				GCC_ENABLE_OBJC_EXCEPTIONS = YES;
				GCC_OPTIMIZATION_LEVEL = 0;
				GCC_PREPROCESSOR_DEFINITIONS = (
					"DEBUG=1",
					"$(inherited)",
				);
				GCC_SYMBOLS_PRIVATE_EXTERN = NO;
				GCC_VERSION = com.apple.compilers.llvm.clang.1_0;
				GCC_WARN_64_TO_32_BIT_CONVERSION = YES;
				GCC_WARN_ABOUT_RETURN_TYPE = YES;
				GCC_WARN_UNINITIALIZED_AUTOS = YES;
				GCC_WARN_UNUSED_VARIABLE = YES;
				MACOSX_DEPLOYMENT_TARGET = 10.7;
				ONLY_ACTIVE_ARCH = YES;
				SDKROOT = macosx;
			};
			name = Debug;
		};
		50FEA7FA1714F5B80006D71C /* Release */ = {
			isa = XCBuildConfiguration;
			buildSettings = {
				ALWAYS_SEARCH_USER_PATHS = NO;
				ARCHS = "$(ARCHS_STANDARD_64_BIT)";
				CLANG_ENABLE_OBJC_ARC = YES;
				COPY_PHASE_STRIP = YES;
				DEBUG_INFORMATION_FORMAT = "dwarf-with-dsym";
				GCC_C_LANGUAGE_STANDARD = gnu99;
				GCC_ENABLE_OBJC_EXCEPTIONS = YES;
				GCC_VERSION = com.apple.compilers.llvm.clang.1_0;
				GCC_WARN_64_TO_32_BIT_CONVERSION = YES;
				GCC_WARN_ABOUT_RETURN_TYPE = YES;
				GCC_WARN_UNINITIALIZED_AUTOS = YES;
				GCC_WARN_UNUSED_VARIABLE = YES;
				MACOSX_DEPLOYMENT_TARGET = 10.7;
				SDKROOT = macosx;
			};
			name = Release;
		};
/* End XCBuildConfiguration section */

/* Begin XCConfigurationList section */
		506EE93D1731FC85000AA25B /* Build configuration list for PBXNativeTarget "After" */ = {
			isa = XCConfigurationList;
			buildConfigurations = (
				506EE93E1731FC85000AA25B /* Debug */,
				506EE93F1731FC85000AA25B /* Release */,
			);
			defaultConfigurationIsVisible = 0;
		};
		50FEA7EB1714F5B50006D71C /* Build configuration list for PBXProject "After" */ = {
			isa = XCConfigurationList;
			buildConfigurations = (
				50FEA7F91714F5B80006D71C /* Debug */,
				50FEA7FA1714F5B80006D71C /* Release */,
			);
			defaultConfigurationIsVisible = 0;
			defaultConfigurationName = Release;
		};
/* End XCConfigurationList section */
	};
	rootObject = 50FEA7E81714F5B50006D71C /* Project object */;
}
